<?xml version="1.0" encoding="utf-8"?>
<Project ToolsVersion="4.0" xmlns="http://schemas.microsoft.com/developer/msbuild/2003">
  <ItemGroup>
    <Filter Include="Source Files">
      <UniqueIdentifier>{4FC737F1-C7A5-4376-A066-2A32D752A2FF}</UniqueIdentifier>
      <Extensions>cpp;c;cc;cxx;c++;cppm;ixx;def;odl;idl;hpj;bat;asm;asmx</Extensions>
    </Filter>
    <Filter Include="Header Files">
      <UniqueIdentifier>{93995380-89BD-4b04-88EB-625FBE52EBFB}</UniqueIdentifier>
      <Extensions>h;hh;hpp;hxx;h++;hm;inl;inc;ipp;xsd</Extensions>
    </Filter>
    <Filter Include="Resource Files">
      <UniqueIdentifier>{67DA6AB6-F800-4c08-8B7A-83BB121AAD01}</UniqueIdentifier>
      <Extensions>rc;ico;cur;bmp;dlg;rc2;rct;bin;rgs;gif;jpg;jpeg;jpe;resx;tiff;tif;png;wav;mfcribbon-ms</Extensions>
    </Filter>
  </ItemGroup>
  <ItemGroup>
    <Text Include="mainapi.txt">
      <Filter>Source Files</Filter>
    </Text>
  </ItemGroup>
  <ItemGroup>
    <ClCompile Include="1000_A+B.cpp">
      <Filter>Source Files</Filter>
    </ClCompile>
    <ClCompile Include="2558_A+B-2.cpp">
      <Filter>Source Files</Filter>
    </ClCompile>
    <ClCompile Include="1001_A-B.cpp">
      <Filter>Source Files</Filter>
    </ClCompile>
    <ClCompile Include="1008_A_divide_B.cpp">
      <Filter>Source Files</Filter>
    </ClCompile>
    <ClCompile Include="1152_word_count.cpp">
      <Filter>Source Files</Filter>
    </ClCompile>
    <ClCompile Include="1330_compare_two_numbers.cpp">
      <Filter>Source Files</Filter>
    </ClCompile>
    <ClCompile Include="1546_average.cpp">
      <Filter>Source Files</Filter>
    </ClCompile>
    <ClCompile Include="2438_draw_star-1.cpp">
      <Filter>Source Files</Filter>
    </ClCompile>
    <ClCompile Include="2439_draw_star-2.cpp">
      <Filter>Source Files</Filter>
    </ClCompile>
    <ClCompile Include="2475_number_of_verifications.cpp">
      <Filter>Source Files</Filter>
    </ClCompile>
    <ClCompile Include="2557_Hello_World.cpp">
      <Filter>Source Files</Filter>
    </ClCompile>
    <ClCompile Include="2562_max.cpp">
      <Filter>Source Files</Filter>
    </ClCompile>
    <ClCompile Include="2577_numbers.cpp">
      <Filter>Source Files</Filter>
    </ClCompile>
    <ClCompile Include="2675_repeat_string.cpp">
      <Filter>Source Files</Filter>
    </ClCompile>
    <ClCompile Include="2739_99dan.cpp">
      <Filter>Source Files</Filter>
    </ClCompile>
    <ClCompile Include="2741_put_N.cpp">
      <Filter>Source Files</Filter>
    </ClCompile>
    <ClCompile Include="2742_reverse_put_N.cpp">
      <Filter>Source Files</Filter>
    </ClCompile>
  </ItemGroup>
</Project>