<?xml version="1.0" encoding="utf-8"?>
<Project ToolsVersion="4.0" xmlns="http://schemas.microsoft.com/developer/msbuild/2003">
  <ItemGroup>
    <Filter Include="Source Files">
      <UniqueIdentifier>{4FC737F1-C7A5-4376-A066-2A32D752A2FF}</UniqueIdentifier>
      <Extensions>cpp;c;cc;cxx;c++;cppm;ixx;def;odl;idl;hpj;bat;asm;asmx</Extensions>
    </Filter>
    <Filter Include="Header Files">
      <UniqueIdentifier>{93995380-89BD-4b04-88EB-625FBE52EBFB}</UniqueIdentifier>
      <Extensions>h;hh;hpp;hxx;h++;hm;inl;inc;ipp;xsd</Extensions>
    </Filter>
    <Filter Include="Resource Files">
      <UniqueIdentifier>{67DA6AB6-F800-4c08-8B7A-83BB121AAD01}</UniqueIdentifier>
      <Extensions>rc;ico;cur;bmp;dlg;rc2;rct;bin;rgs;gif;jpg;jpeg;jpe;resx;tiff;tif;png;wav;mfcribbon-ms</Extensions>
    </Filter>
  </ItemGroup>
  <ItemGroup>
    <Text Include="mainapi.txt">
      <Filter>Source Files</Filter>
    </Text>
  </ItemGroup>
  <ItemGroup>
    <ClCompile Include="class1\1000_A+B.cpp">
      <Filter>Source Files</Filter>
    </ClCompile>
    <ClCompile Include="class1\2558_A+B-2.cpp">
      <Filter>Source Files</Filter>
    </ClCompile>
    <ClCompile Include="class1\1001_A-B.cpp">
      <Filter>Source Files</Filter>
    </ClCompile>
    <ClCompile Include="class1\1008_A_divide_B.cpp">
      <Filter>Source Files</Filter>
    </ClCompile>
    <ClCompile Include="class1\1152_word_count.cpp">
      <Filter>Source Files</Filter>
    </ClCompile>
    <ClCompile Include="class1\1330_compare_two_numbers.cpp">
      <Filter>Source Files</Filter>
    </ClCompile>
    <ClCompile Include="class1\1546_average.cpp">
      <Filter>Source Files</Filter>
    </ClCompile>
    <ClCompile Include="class1\2438_draw_star-1.cpp">
      <Filter>Source Files</Filter>
    </ClCompile>
    <ClCompile Include="class1\2439_draw_star-2.cpp">
      <Filter>Source Files</Filter>
    </ClCompile>
    <ClCompile Include="class1\2475_number_of_verifications.cpp">
      <Filter>Source Files</Filter>
    </ClCompile>
    <ClCompile Include="class1\2557_Hello_World.cpp">
      <Filter>Source Files</Filter>
    </ClCompile>
    <ClCompile Include="class1\2562_max.cpp">
      <Filter>Source Files</Filter>
    </ClCompile>
    <ClCompile Include="class1\2577_numbers.cpp">
      <Filter>Source Files</Filter>
    </ClCompile>
    <ClCompile Include="class1\2675_repeat_string.cpp">
      <Filter>Source Files</Filter>
    </ClCompile>
    <ClCompile Include="class1\2739_99dan.cpp">
      <Filter>Source Files</Filter>
    </ClCompile>
    <ClCompile Include="class1\2741_put_N.cpp">
      <Filter>Source Files</Filter>
    </ClCompile>
    <ClCompile Include="class1\2742_reverse_put_N.cpp">
      <Filter>Source Files</Filter>
    </ClCompile>
    <ClCompile Include="class1\2753_leapyear.cpp">
      <Filter>Source Files</Filter>
    </ClCompile>
    <ClCompile Include="class1\2884_alarm.cpp">
      <Filter>Source Files</Filter>
    </ClCompile>
    <ClCompile Include="class1\2908_constant.cpp">
      <Filter>Source Files</Filter>
    </ClCompile>
    <ClCompile Include="class1\2920_scale.cpp">
      <Filter>Source Files</Filter>
    </ClCompile>
    <ClCompile Include="class1\3052_mod.cpp">
      <Filter>Source Files</Filter>
    </ClCompile>
    <ClCompile Include="class1\8958_ox_quiz.cpp">
      <Filter>Source Files</Filter>
    </ClCompile>
    <ClCompile Include="class1\9498_test_score.cpp">
      <Filter>Source Files</Filter>
    </ClCompile>
    <ClCompile Include="class1\10171_cat.cpp">
      <Filter>Source Files</Filter>
    </ClCompile>
    <ClCompile Include="class1\10172_dog.cpp">
      <Filter>Source Files</Filter>
    </ClCompile>
    <ClCompile Include="class1\10809_find_alpha.cpp">
      <Filter>Source Files</Filter>
    </ClCompile>
    <ClCompile Include="class1\10818_min_max.cpp">
      <Filter>Source Files</Filter>
    </ClCompile>
    <ClCompile Include="class1\10869_arithmetic_operation.cpp">
      <Filter>Source Files</Filter>
    </ClCompile>
    <ClCompile Include="class1\11720_sum.cpp">
      <Filter>Source Files</Filter>
    </ClCompile>
    <ClCompile Include="class2\1018_chess_board.cpp">
      <Filter>Source Files</Filter>
    </ClCompile>
    <ClCompile Include="class2\1085_escape_in_rect.cpp">
      <Filter>Source Files</Filter>
    </ClCompile>
    <ClCompile Include="class2\1181_sort_word.cpp">
      <Filter>Source Files</Filter>
    </ClCompile>
    <ClCompile Include="class2\1259_number_of_palindromes.cpp">
      <Filter>Source Files</Filter>
    </ClCompile>
    <ClCompile Include="class2\1436_film_director_shun.cpp">
      <Filter>Source Files</Filter>
    </ClCompile>
    <ClCompile Include="class2\1654_cut_LAN.cpp">
      <Filter>Source Files</Filter>
    </ClCompile>
    <ClCompile Include="class2\1874_stack_sequence.cpp">
      <Filter>Source Files</Filter>
    </ClCompile>
    <ClCompile Include="class2\1920_find_number.cpp">
      <Filter>Source Files</Filter>
    </ClCompile>
    <ClCompile Include="class2\1929_prime_number.cpp">
      <Filter>Source Files</Filter>
    </ClCompile>
    <ClCompile Include="class2\1966_printer_queue.cpp">
      <Filter>Source Files</Filter>
    </ClCompile>
    <ClCompile Include="class2\1978_find_prime_number.cpp">
      <Filter>Source Files</Filter>
    </ClCompile>
    <ClCompile Include="class2\2108_statistics.cpp">
      <Filter>Source Files</Filter>
    </ClCompile>
    <ClCompile Include="class2\2164_card2.cpp">
      <Filter>Source Files</Filter>
    </ClCompile>
    <ClCompile Include="class2\2231_decompose.cpp">
      <Filter>Source Files</Filter>
    </ClCompile>
    <ClCompile Include="class2\2292_honeycomb.cpp">
      <Filter>Source Files</Filter>
    </ClCompile>
    <ClCompile Include="class2\2609_GCD_LCM.cpp">
      <Filter>Source Files</Filter>
    </ClCompile>
    <ClCompile Include="class2\2609_sort_2.cpp">
      <Filter>Source Files</Filter>
    </ClCompile>
    <ClCompile Include="class2\2775_will_be_president.cpp">
      <Filter>Source Files</Filter>
    </ClCompile>
    <ClCompile Include="class2\2798_blackjack.cpp">
      <Filter>Source Files</Filter>
    </ClCompile>
    <ClCompile Include="class2\2805_cut_tree.cpp">
      <Filter>Source Files</Filter>
    </ClCompile>
    <ClCompile Include="class2\2839_sugar_delivery.cpp">
      <Filter>Source Files</Filter>
    </ClCompile>
    <ClCompile Include="class2\2869_climb_snail.cpp">
      <Filter>Source Files</Filter>
    </ClCompile>
    <ClCompile Include="class2\4153_triangle.cpp">
      <Filter>Source Files</Filter>
    </ClCompile>
    <ClCompile Include="class2\4949_a_balanced_world.cpp">
      <Filter>Source Files</Filter>
    </ClCompile>
    <ClCompile Include="class2\7568_bulk.cpp">
      <Filter>Source Files</Filter>
    </ClCompile>
    <ClCompile Include="class2\9012_VPS.cpp">
      <Filter>Source Files</Filter>
    </ClCompile>
    <ClCompile Include="class2\10250_ACM_hotel.cpp">
      <Filter>Source Files</Filter>
    </ClCompile>
    <ClCompile Include="class2\10773_zero.cpp">
      <Filter>Source Files</Filter>
    </ClCompile>
    <ClCompile Include="class2\10814_sort_by_age.cpp">
      <Filter>Source Files</Filter>
    </ClCompile>
    <ClCompile Include="class2\10816_card_number_2.cpp">
      <Filter>Source Files</Filter>
    </ClCompile>
    <ClCompile Include="class2\10828_stack.cpp">
      <Filter>Source Files</Filter>
    </ClCompile>
    <ClCompile Include="class2\10845_queue.cpp">
      <Filter>Source Files</Filter>
    </ClCompile>
    <ClCompile Include="class2\10866_deque.cpp">
      <Filter>Source Files</Filter>
    </ClCompile>
    <ClCompile Include="class2\10989_sort3.cpp">
      <Filter>Source Files</Filter>
    </ClCompile>
    <ClCompile Include="class2\11050_binomial.cpp">
      <Filter>Source Files</Filter>
    </ClCompile>
    <ClCompile Include="class2\11650_point_sort.cpp">
      <Filter>Source Files</Filter>
    </ClCompile>
    <ClCompile Include="class2\11651_point_sort2.cpp">
      <Filter>Source Files</Filter>
    </ClCompile>
    <ClCompile Include="class2\11866_josephus.cpp">
      <Filter>Source Files</Filter>
    </ClCompile>
    <ClCompile Include="class2\15829_Hashing.cpp">
      <Filter>Source Files</Filter>
    </ClCompile>
    <ClCompile Include="class2\18111_minecraft.cpp">
      <Filter>Source Files</Filter>
    </ClCompile>
    <ClCompile Include="class3\1003_fibonacci.cpp">
      <Filter>Source Files</Filter>
    </ClCompile>
    <ClCompile Include="class3\1012_organic cabbage.cpp">
      <Filter>Source Files</Filter>
    </ClCompile>
    <ClCompile Include="class3\1074_Z.cpp">
      <Filter>Source Files</Filter>
    </ClCompile>
    <ClCompile Include="class3\1107_remote_controller.cpp">
      <Filter>Source Files</Filter>
    </ClCompile>
    <ClCompile Include="class3\1260_DFS_BFS.cpp">
      <Filter>Source Files</Filter>
    </ClCompile>
    <ClCompile Include="class3\1389_Kevin_Bacon_Six_Step_Rule.cpp">
      <Filter>Source Files</Filter>
    </ClCompile>
    <ClCompile Include="class3\1463_make_one.cpp">
      <Filter>Source Files</Filter>
    </ClCompile>
    <ClCompile Include="class3\1541_lost_parenthesis.cpp">
      <Filter>Source Files</Filter>
    </ClCompile>
    <ClCompile Include="class3\1620_im_pocketmon_master_leedasom.cpp">
      <Filter>Source Files</Filter>
    </ClCompile>
    <ClCompile Include="class3\1676_factorial_zero_count.cpp">
      <Filter>Source Files</Filter>
    </ClCompile>
    <ClCompile Include="class3\1697_hide_and_seek.cpp">
      <Filter>Source Files</Filter>
    </ClCompile>
    <ClCompile Include="class3\1764_off_brand.cpp">
      <Filter>Source Files</Filter>
    </ClCompile>
    <ClCompile Include="class3\1780_count_of_paper.cpp">
      <Filter>Source Files</Filter>
    </ClCompile>
    <ClCompile Include="class3\1927_min_heap.cpp">
      <Filter>Source Files</Filter>
    </ClCompile>
    <ClCompile Include="class3\1931_conference_room_assignment.cpp">
      <Filter>Source Files</Filter>
    </ClCompile>
    <ClCompile Include="class3\1992_quad_tree.cpp">
      <Filter>Source Files</Filter>
    </ClCompile>
    <ClCompile Include="class3\2178_maze_exploration.cpp">
      <Filter>Source Files</Filter>
    </ClCompile>
    <ClCompile Include="class3\2579_up_stair.cpp">
      <Filter>Source Files</Filter>
    </ClCompile>
    <ClCompile Include="class3\2606_virus.cpp">
      <Filter>Source Files</Filter>
    </ClCompile>
    <ClCompile Include="class3\2630_make_confetti.cpp">
      <Filter>Source Files</Filter>
    </ClCompile>
    <ClCompile Include="class3\2667_numbering.cpp">
      <Filter>Source Files</Filter>
    </ClCompile>
    <ClCompile Include="class3\5430_AC.cpp">
      <Filter>Source Files</Filter>
    </ClCompile>
    <ClCompile Include="class3\5525_IOIOI.cpp">
      <Filter>Source Files</Filter>
    </ClCompile>
    <ClCompile Include="class3\6064_kaying_calendar.cpp">
      <Filter>Source Files</Filter>
    </ClCompile>
    <ClCompile Include="class3\9095_plus_1_2_3.cpp">
      <Filter>Source Files</Filter>
    </ClCompile>
    <ClCompile Include="class3\9375_fashion_king_shin_hae_bin.cpp">
      <Filter>Source Files</Filter>
    </ClCompile>
    <ClCompile Include="class3\9461_wave_group_sequence.cpp">
      <Filter>Source Files</Filter>
    </ClCompile>
    <ClCompile Include="class3\11047_coin_0.cpp">
      <Filter>Source Files</Filter>
    </ClCompile>
    <ClCompile Include="class3\11279_max_heap.cpp">
      <Filter>Source Files</Filter>
    </ClCompile>
    <ClCompile Include="class3\11286_absolute_heap.cpp">
      <Filter>Source Files</Filter>
    </ClCompile>
    <ClCompile Include="class3\11399_ATM.cpp">
      <Filter>Source Files</Filter>
    </ClCompile>
    <ClCompile Include="class3\11403_find_a_route.cpp">
      <Filter>Source Files</Filter>
    </ClCompile>
    <ClCompile Include="class3\11659_find_the_interval_sum.cpp">
      <Filter>Source Files</Filter>
    </ClCompile>
    <ClCompile Include="class3\11723_set.cpp">
      <Filter>Source Files</Filter>
    </ClCompile>
    <ClCompile Include="class3\11724_number_of_connected_components.cpp">
      <Filter>Source Files</Filter>
    </ClCompile>
    <ClCompile Include="class3\11726_2xn_tiling.cpp">
      <Filter>Source Files</Filter>
    </ClCompile>
    <ClCompile Include="class3\11727_2xn_tiling_2.cpp">
      <Filter>Source Files</Filter>
    </ClCompile>
    <ClCompile Include="class3\17626_four_squares.cpp">
      <Filter>Source Files</Filter>
    </ClCompile>
    <ClCompile Include="class3\18870_coordinate_compression.cpp">
      <Filter>Source Files</Filter>
    </ClCompile>
    <ClCompile Include="class3\7569_tomato.cpp">
      <Filter>Source Files</Filter>
    </ClCompile>
    <ClCompile Include="class3\7576_tomato.cpp">
      <Filter>Source Files</Filter>
    </ClCompile>
    <ClCompile Include="class3\7662_double_priority_queue.cpp">
      <Filter>Source Files</Filter>
    </ClCompile>
    <ClCompile Include="class3\9019_DSLR.cpp">
      <Filter>Source Files</Filter>
    </ClCompile>
    <ClCompile Include="class3\10026_red_green_color_blindness.cpp">
      <Filter>Source Files</Filter>
    </ClCompile>
    <ClCompile Include="class1\25083_print_sprout.cpp">
      <Filter>Source Files</Filter>
    </ClCompile>
    <ClCompile Include="class1\27866_string.cpp">
      <Filter>Source Files</Filter>
    </ClCompile>
    <ClCompile Include="class2\18110_solved_ac.cpp">
      <Filter>Source Files</Filter>
    </ClCompile>
    <ClCompile Include="class1\31430_A+B-C.cpp">
      <Filter>Source Files</Filter>
    </ClCompile>
    <ClCompile Include="level\Bronze\5\10699_today.cpp">
      <Filter>Source Files</Filter>
    </ClCompile>
    <ClCompile Include="level\Bronze\5\7287_registry.cpp">
      <Filter>Source Files</Filter>
    </ClCompile>
    <ClCompile Include="class2\30802_웰컴키트.cpp">
      <Filter>Source Files</Filter>
    </ClCompile>
    <ClCompile Include="level\Bronze\5\2420_사파리월드.cpp">
      <Filter>Source Files</Filter>
    </ClCompile>
    <ClCompile Include="level\Bronze\5\11382_꼬마정민.cpp">
      <Filter>Source Files</Filter>
    </ClCompile>
    <ClCompile Include="level\Bronze\5\10807_개수세기.cpp">
      <Filter>Source Files</Filter>
    </ClCompile>
    <ClCompile Include="level\Bronze\3\5597_과제안내신분.cpp">
      <Filter>Source Files</Filter>
    </ClCompile>
    <ClCompile Include="level\Bronze\3\2738_행렬덧셈.cpp">
      <Filter>Source Files</Filter>
    </ClCompile>
    <ClCompile Include="level\Bronze\5\2743_단어길이재기.cpp">
      <Filter>Source Files</Filter>
    </ClCompile>
    <ClCompile Include="level\Bronze\5\2744_대소문자바꾸기.cpp">
      <Filter>Source Files</Filter>
    </ClCompile>
    <ClCompile Include="level\Bronze\3\2754_학점계산.cpp">
      <Filter>Source Files</Filter>
    </ClCompile>
    <ClCompile Include="level\Bronze\3\11718_그대로출력하기.cpp">
      <Filter>Source Files</Filter>
    </ClCompile>
    <ClCompile Include="level\Bronze\5\9086_문자열.cpp">
      <Filter>Source Files</Filter>
    </ClCompile>
    <ClCompile Include="level\Bronze\5\15964_이상한기호.cpp">
      <Filter>Source Files</Filter>
    </ClCompile>
    <ClCompile Include="class2\28702_FizzBuzz.cpp">
      <Filter>Source Files</Filter>
    </ClCompile>
    <ClCompile Include="class2\14626_ISBN.cpp">
      <Filter>Source Files</Filter>
    </ClCompile>
    <ClCompile Include="class3\2640_make_colored_paper.cpp">
      <Filter>Source Files</Filter>
    </ClCompile>
    <ClCompile Include="class3\21736_donkey_needs_friend.cpp">
      <Filter>Source Files</Filter>
    </ClCompile>
    <ClCompile Include="class3\30804_fruit_tanghulu.cpp">
      <Filter>Source Files</Filter>
    </ClCompile>
    <ClCompile Include="class3\14940_easy_shortest_distance.cpp">
      <Filter>Source Files</Filter>
    </ClCompile>
    <ClCompile Include="class3\16928_snakes_and_ladders_game.cpp">
      <Filter>Source Files</Filter>
    </ClCompile>
    <ClCompile Include="class3\14500_tetromino.cpp">
      <Filter>Source Files</Filter>
    </ClCompile>
    <ClCompile Include="class4\15650_n_and_m_2.cpp">
      <Filter>Source Files</Filter>
    </ClCompile>
    <ClCompile Include="class4\15652_n_and_m_4.cpp">
      <Filter>Source Files</Filter>
    </ClCompile>
    <ClCompile Include="class4\15654_n_and_m_5.cpp">
      <Filter>Source Files</Filter>
    </ClCompile>
    <ClCompile Include="class4\11725_find_the_tree_parents.cpp">
      <Filter>Source Files</Filter>
    </ClCompile>
  </ItemGroup>
</Project>